
Microsoft Visual Studio Solution File, Format Version 12.00
# Visual Studio Version 17
VisualStudioVersion = 17.2.32616.157
MinimumVisualStudioVersion = 10.0.40219.1
Project("{FAE04EC0-301F-11D3-BF4B-00C04F79EFBC}") = "ADO.NET.Day14.Assignment", "ADO.NET.Day14.Assignment\ADO.NET.Day14.Assignment.csproj", "{0DD61EB1-9DA2-4951-8BCD-FBFDA835D2B0}"
EndProject
Global
	GlobalSection(SolutionConfigurationPlatforms) = preSolution
		Debug|Any CPU = Debug|Any CPU
		Release|Any CPU = Release|Any CPU
	EndGlobalSection
	GlobalSection(ProjectConfigurationPlatforms) = postSolution
		{0DD61EB1-9DA2-4951-8BCD-FBFDA835D2B0}.Debug|Any CPU.ActiveCfg = Debug|Any CPU
		{0DD61EB1-9DA2-4951-8BCD-FBFDA835D2B0}.Debug|Any CPU.Build.0 = Debug|Any CPU
		{0DD61EB1-9DA2-4951-8BCD-FBFDA835D2B0}.Release|Any CPU.ActiveCfg = Release|Any CPU
		{0DD61EB1-9DA2-4951-8BCD-FBFDA835D2B0}.Release|Any CPU.Build.0 = Release|Any CPU
	EndGlobalSection
	GlobalSection(SolutionProperties) = preSolution
		HideSolutionNode = FALSE
	EndGlobalSection
	GlobalSection(ExtensibilityGlobals) = postSolution
		SolutionGuid = {419D63B0-D540-4538-8999-427030E7CEC0}
	EndGlobalSection
EndGlobal
